
Microsoft Visual Studio Solution File, Format Version 12.00
# Visual Studio Version 17
VisualStudioVersion = 17.14.36930.0 d17.14
MinimumVisualStudioVersion = 10.0.40219.1
Project("{FAE04EC0-301F-11D3-BF4B-00C04F79EFBC}") = "Assignment01OOP", "Assignment01OOP\Assignment01OOP.csproj", "{D23D2D75-8674-4F83-8953-93BD17489E6C}"
EndProject
Global
	GlobalSection(SolutionConfigurationPlatforms) = preSolution
		Debug|Any CPU = Debug|Any CPU
		Release|Any CPU = Release|Any CPU
	EndGlobalSection
	GlobalSection(ProjectConfigurationPlatforms) = postSolution
		{D23D2D75-8674-4F83-8953-93BD17489E6C}.Debug|Any CPU.ActiveCfg = Debug|Any CPU
		{D23D2D75-8674-4F83-8953-93BD17489E6C}.Debug|Any CPU.Build.0 = Debug|Any CPU
		{D23D2D75-8674-4F83-8953-93BD17489E6C}.Release|Any CPU.ActiveCfg = Release|Any CPU
		{D23D2D75-8674-4F83-8953-93BD17489E6C}.Release|Any CPU.Build.0 = Release|Any CPU
	EndGlobalSection
	GlobalSection(SolutionProperties) = preSolution
		HideSolutionNode = FALSE
	EndGlobalSection
	GlobalSection(ExtensibilityGlobals) = postSolution
		SolutionGuid = {E01F50B1-4DD9-4AEE-8284-A66DE5D9C2DB}
	EndGlobalSection
EndGlobal
